// !$*UTF8*$!
{
	archiveVersion = 1;
	classes = {
	};
	objectVersion = 50;
	objects = {

/* Begin PBXAggregateTarget section */
		30BD61A822151CAA004DB3FA /* toDev */ = {
			isa = PBXAggregateTarget;
			buildConfigurationList = 30BD61A922151CAA004DB3FA /* Build configuration list for PBXAggregateTarget "toDev" */;
			buildPhases = (
				30BD61AC22151CC5004DB3FA /* ShellScript */,
			);
			dependencies = (
			);
			name = toDev;
			productName = toDev;
		};
		30BD61AD22151D0D004DB3FA /* toPro */ = {
			isa = PBXAggregateTarget;
			buildConfigurationList = 30BD61AE22151D0E004DB3FA /* Build configuration list for PBXAggregateTarget "toPro" */;
			buildPhases = (
				30BD61B122151D1C004DB3FA /* ShellScript */,
			);
			dependencies = (
			);
			name = toPro;
			productName = pro;
		};
/* End PBXAggregateTarget section */

/* Begin PBXBuildFile section */
		30BD6179221503CB004DB3FA /* AppDelegate.swift in Sources */ = {isa = PBXBuildFile; fileRef = 30BD6178221503CB004DB3FA /* AppDelegate.swift */; };
		30BD617B221503CB004DB3FA /* ViewController.swift in Sources */ = {isa = PBXBuildFile; fileRef = 30BD617A221503CB004DB3FA /* ViewController.swift */; };
		30BD617E221503CB004DB3FA /* Main.storyboard in Resources */ = {isa = PBXBuildFile; fileRef = 30BD617C221503CB004DB3FA /* Main.storyboard */; };
		30BD6180221503CD004DB3FA /* Assets.xcassets in Resources */ = {isa = PBXBuildFile; fileRef = 30BD617F221503CD004DB3FA /* Assets.xcassets */; };
		30BD6183221503CD004DB3FA /* LaunchScreen.storyboard in Resources */ = {isa = PBXBuildFile; fileRef = 30BD6181221503CD004DB3FA /* LaunchScreen.storyboard */; };
		30BD618E221503CD004DB3FA /* ChangeIconsDemoTests.swift in Sources */ = {isa = PBXBuildFile; fileRef = 30BD618D221503CD004DB3FA /* ChangeIconsDemoTests.swift */; };
		30BD6199221503CD004DB3FA /* ChangeIconsDemoUITests.swift in Sources */ = {isa = PBXBuildFile; fileRef = 30BD6198221503CD004DB3FA /* ChangeIconsDemoUITests.swift */; };
		30BD61A7221503F2004DB3FA /* SVConfigurationChange.py in Resources */ = {isa = PBXBuildFile; fileRef = 30BD61A6221503F2004DB3FA /* SVConfigurationChange.py */; };
/* End PBXBuildFile section */

/* Begin PBXContainerItemProxy section */
		30BD618A221503CD004DB3FA /* PBXContainerItemProxy */ = {
			isa = PBXContainerItemProxy;
			containerPortal = 30BD616D221503CB004DB3FA /* Project object */;
			proxyType = 1;
			remoteGlobalIDString = 30BD6174221503CB004DB3FA;
			remoteInfo = ChangeIconsDemo;
		};
		30BD6195221503CD004DB3FA /* PBXContainerItemProxy */ = {
			isa = PBXContainerItemProxy;
			containerPortal = 30BD616D221503CB004DB3FA /* Project object */;
			proxyType = 1;
			remoteGlobalIDString = 30BD6174221503CB004DB3FA;
			remoteInfo = ChangeIconsDemo;
		};
/* End PBXContainerItemProxy section */

/* Begin PBXFileReference section */
		30BD6175221503CB004DB3FA /* ChangeIconsDemo.app */ = {isa = PBXFileReference; explicitFileType = wrapper.application; includeInIndex = 0; path = ChangeIconsDemo.app; sourceTree = BUILT_PRODUCTS_DIR; };
		30BD6178221503CB004DB3FA /* AppDelegate.swift */ = {isa = PBXFileReference; lastKnownFileType = sourcecode.swift; path = AppDelegate.swift; sourceTree = "<group>"; };
		30BD617A221503CB004DB3FA /* ViewController.swift */ = {isa = PBXFileReference; lastKnownFileType = sourcecode.swift; path = ViewController.swift; sourceTree = "<group>"; };
		30BD617D221503CB004DB3FA /* Base */ = {isa = PBXFileReference; lastKnownFileType = file.storyboard; name = Base; path = Base.lproj/Main.storyboard; sourceTree = "<group>"; };
		30BD617F221503CD004DB3FA /* Assets.xcassets */ = {isa = PBXFileReference; lastKnownFileType = folder.assetcatalog; path = Assets.xcassets; sourceTree = "<group>"; };
		30BD6182221503CD004DB3FA /* Base */ = {isa = PBXFileReference; lastKnownFileType = file.storyboard; name = Base; path = Base.lproj/LaunchScreen.storyboard; sourceTree = "<group>"; };
		30BD6184221503CD004DB3FA /* Info.plist */ = {isa = PBXFileReference; lastKnownFileType = text.plist.xml; path = Info.plist; sourceTree = "<group>"; };
		30BD6189221503CD004DB3FA /* ChangeIconsDemoTests.xctest */ = {isa = PBXFileReference; explicitFileType = wrapper.cfbundle; includeInIndex = 0; path = ChangeIconsDemoTests.xctest; sourceTree = BUILT_PRODUCTS_DIR; };
		30BD618D221503CD004DB3FA /* ChangeIconsDemoTests.swift */ = {isa = PBXFileReference; lastKnownFileType = sourcecode.swift; path = ChangeIconsDemoTests.swift; sourceTree = "<group>"; };
		30BD618F221503CD004DB3FA /* Info.plist */ = {isa = PBXFileReference; lastKnownFileType = text.plist.xml; path = Info.plist; sourceTree = "<group>"; };
		30BD6194221503CD004DB3FA /* ChangeIconsDemoUITests.xctest */ = {isa = PBXFileReference; explicitFileType = wrapper.cfbundle; includeInIndex = 0; path = ChangeIconsDemoUITests.xctest; sourceTree = BUILT_PRODUCTS_DIR; };
		30BD6198221503CD004DB3FA /* ChangeIconsDemoUITests.swift */ = {isa = PBXFileReference; lastKnownFileType = sourcecode.swift; path = ChangeIconsDemoUITests.swift; sourceTree = "<group>"; };
		30BD619A221503CD004DB3FA /* Info.plist */ = {isa = PBXFileReference; lastKnownFileType = text.plist.xml; path = Info.plist; sourceTree = "<group>"; };
		30BD61A6221503F2004DB3FA /* SVConfigurationChange.py */ = {isa = PBXFileReference; fileEncoding = 4; lastKnownFileType = text.script.python; path = SVConfigurationChange.py; sourceTree = "<group>"; };
/* End PBXFileReference section */

/* Begin PBXFrameworksBuildPhase section */
		30BD6172221503CB004DB3FA /* Frameworks */ = {
			isa = PBXFrameworksBuildPhase;
			buildActionMask = 2147483647;
			files = (
			);
			runOnlyForDeploymentPostprocessing = 0;
		};
		30BD6186221503CD004DB3FA /* Frameworks */ = {
			isa = PBXFrameworksBuildPhase;
			buildActionMask = 2147483647;
			files = (
			);
			runOnlyForDeploymentPostprocessing = 0;
		};
		30BD6191221503CD004DB3FA /* Frameworks */ = {
			isa = PBXFrameworksBuildPhase;
			buildActionMask = 2147483647;
			files = (
			);
			runOnlyForDeploymentPostprocessing = 0;
		};
/* End PBXFrameworksBuildPhase section */

/* Begin PBXGroup section */
		30BD616C221503CB004DB3FA = {
			isa = PBXGroup;
			children = (
				30BD6177221503CB004DB3FA /* ChangeIconsDemo */,
				30BD618C221503CD004DB3FA /* ChangeIconsDemoTests */,
				30BD6197221503CD004DB3FA /* ChangeIconsDemoUITests */,
				30BD6176221503CB004DB3FA /* Products */,
			);
			sourceTree = "<group>";
		};
		30BD6176221503CB004DB3FA /* Products */ = {
			isa = PBXGroup;
			children = (
				30BD6175221503CB004DB3FA /* ChangeIconsDemo.app */,
				30BD6189221503CD004DB3FA /* ChangeIconsDemoTests.xctest */,
				30BD6194221503CD004DB3FA /* ChangeIconsDemoUITests.xctest */,
			);
			name = Products;
			sourceTree = "<group>";
		};
		30BD6177221503CB004DB3FA /* ChangeIconsDemo */ = {
			isa = PBXGroup;
			children = (
				30BD61A6221503F2004DB3FA /* SVConfigurationChange.py */,
				30BD6178221503CB004DB3FA /* AppDelegate.swift */,
				30BD617A221503CB004DB3FA /* ViewController.swift */,
				30BD617C221503CB004DB3FA /* Main.storyboard */,
				30BD617F221503CD004DB3FA /* Assets.xcassets */,
				30BD6181221503CD004DB3FA /* LaunchScreen.storyboard */,
				30BD6184221503CD004DB3FA /* Info.plist */,
			);
			path = ChangeIconsDemo;
			sourceTree = "<group>";
		};
		30BD618C221503CD004DB3FA /* ChangeIconsDemoTests */ = {
			isa = PBXGroup;
			children = (
				30BD618D221503CD004DB3FA /* ChangeIconsDemoTests.swift */,
				30BD618F221503CD004DB3FA /* Info.plist */,
			);
			path = ChangeIconsDemoTests;
			sourceTree = "<group>";
		};
		30BD6197221503CD004DB3FA /* ChangeIconsDemoUITests */ = {
			isa = PBXGroup;
			children = (
				30BD6198221503CD004DB3FA /* ChangeIconsDemoUITests.swift */,
				30BD619A221503CD004DB3FA /* Info.plist */,
			);
			path = ChangeIconsDemoUITests;
			sourceTree = "<group>";
		};
/* End PBXGroup section */

/* Begin PBXNativeTarget section */
		30BD6174221503CB004DB3FA /* ChangeIconsDemo */ = {
			isa = PBXNativeTarget;
			buildConfigurationList = 30BD619D221503CD004DB3FA /* Build configuration list for PBXNativeTarget "ChangeIconsDemo" */;
			buildPhases = (
				30BD6171221503CB004DB3FA /* Sources */,
				30BD6172221503CB004DB3FA /* Frameworks */,
				30BD6173221503CB004DB3FA /* Resources */,
			);
			buildRules = (
			);
			dependencies = (
			);
			name = ChangeIconsDemo;
			productName = ChangeIconsDemo;
			productReference = 30BD6175221503CB004DB3FA /* ChangeIconsDemo.app */;
			productType = "com.apple.product-type.application";
		};
		30BD6188221503CD004DB3FA /* ChangeIconsDemoTests */ = {
			isa = PBXNativeTarget;
			buildConfigurationList = 30BD61A0221503CD004DB3FA /* Build configuration list for PBXNativeTarget "ChangeIconsDemoTests" */;
			buildPhases = (
				30BD6185221503CD004DB3FA /* Sources */,
				30BD6186221503CD004DB3FA /* Frameworks */,
				30BD6187221503CD004DB3FA /* Resources */,
			);
			buildRules = (
			);
			dependencies = (
				30BD618B221503CD004DB3FA /* PBXTargetDependency */,
			);
			name = ChangeIconsDemoTests;
			productName = ChangeIconsDemoTests;
			productReference = 30BD6189221503CD004DB3FA /* ChangeIconsDemoTests.xctest */;
			productType = "com.apple.product-type.bundle.unit-test";
		};
		30BD6193221503CD004DB3FA /* ChangeIconsDemoUITests */ = {
			isa = PBXNativeTarget;
			buildConfigurationList = 30BD61A3221503CD004DB3FA /* Build configuration list for PBXNativeTarget "ChangeIconsDemoUITests" */;
			buildPhases = (
				30BD6190221503CD004DB3FA /* Sources */,
				30BD6191221503CD004DB3FA /* Frameworks */,
				30BD6192221503CD004DB3FA /* Resources */,
			);
			buildRules = (
			);
			dependencies = (
				30BD6196221503CD004DB3FA /* PBXTargetDependency */,
			);
			name = ChangeIconsDemoUITests;
			productName = ChangeIconsDemoUITests;
			productReference = 30BD6194221503CD004DB3FA /* ChangeIconsDemoUITests.xctest */;
			productType = "com.apple.product-type.bundle.ui-testing";
		};
/* End PBXNativeTarget section */

/* Begin PBXProject section */
		30BD616D221503CB004DB3FA /* Project object */ = {
			isa = PBXProject;
			attributes = {
				LastSwiftUpdateCheck = 1010;
				LastUpgradeCheck = 1010;
				ORGANIZATIONNAME = zhuxiaoliang;
				TargetAttributes = {
					30BD6174221503CB004DB3FA = {
						CreatedOnToolsVersion = 10.1;
					};
					30BD6188221503CD004DB3FA = {
						CreatedOnToolsVersion = 10.1;
						TestTargetID = 30BD6174221503CB004DB3FA;
					};
					30BD6193221503CD004DB3FA = {
						CreatedOnToolsVersion = 10.1;
						TestTargetID = 30BD6174221503CB004DB3FA;
					};
					30BD61A822151CAA004DB3FA = {
						CreatedOnToolsVersion = 10.1;
					};
					30BD61AD22151D0D004DB3FA = {
						CreatedOnToolsVersion = 10.1;
					};
				};
			};
			buildConfigurationList = 30BD6170221503CB004DB3FA /* Build configuration list for PBXProject "ChangeIconsDemo" */;
			compatibilityVersion = "Xcode 9.3";
			developmentRegion = en;
			hasScannedForEncodings = 0;
			knownRegions = (
				en,
				Base,
			);
			mainGroup = 30BD616C221503CB004DB3FA;
			productRefGroup = 30BD6176221503CB004DB3FA /* Products */;
			projectDirPath = "";
			projectRoot = "";
			targets = (
				30BD6174221503CB004DB3FA /* ChangeIconsDemo */,
				30BD6188221503CD004DB3FA /* ChangeIconsDemoTests */,
				30BD6193221503CD004DB3FA /* ChangeIconsDemoUITests */,
				30BD61A822151CAA004DB3FA /* toDev */,
				30BD61AD22151D0D004DB3FA /* toPro */,
			);
		};
/* End PBXProject section */

/* Begin PBXResourcesBuildPhase section */
		30BD6173221503CB004DB3FA /* Resources */ = {
			isa = PBXResourcesBuildPhase;
			buildActionMask = 2147483647;
			files = (
				30BD6183221503CD004DB3FA /* LaunchScreen.storyboard in Resources */,
				30BD6180221503CD004DB3FA /* Assets.xcassets in Resources */,
				30BD61A7221503F2004DB3FA /* SVConfigurationChange.py in Resources */,
				30BD617E221503CB004DB3FA /* Main.storyboard in Resources */,
			);
			runOnlyForDeploymentPostprocessing = 0;
		};
		30BD6187221503CD004DB3FA /* Resources */ = {
			isa = PBXResourcesBuildPhase;
			buildActionMask = 2147483647;
			files = (
			);
			runOnlyForDeploymentPostprocessing = 0;
		};
		30BD6192221503CD004DB3FA /* Resources */ = {
			isa = PBXResourcesBuildPhase;
			buildActionMask = 2147483647;
			files = (
			);
			runOnlyForDeploymentPostprocessing = 0;
		};
/* End PBXResourcesBuildPhase section */

/* Begin PBXShellScriptBuildPhase section */
		30BD61AC22151CC5004DB3FA /* ShellScript */ = {
			isa = PBXShellScriptBuildPhase;
			buildActionMask = 2147483647;
			files = (
			);
			inputFileListPaths = (
			);
			inputPaths = (
			);
			outputFileListPaths = (
			);
			outputPaths = (
			);
			runOnlyForDeploymentPostprocessing = 0;
			shellPath = /bin/sh;
			shellScript = "cd ${SRCROOT}\ncd ChangeIconsDemo\npython3 SVConfigurationChange.py -c Dev\n";
		};
		30BD61B122151D1C004DB3FA /* ShellScript */ = {
			isa = PBXShellScriptBuildPhase;
			buildActionMask = 2147483647;
			files = (
			);
			inputFileListPaths = (
			);
			inputPaths = (
			);
			outputFileListPaths = (
			);
			outputPaths = (
			);
			runOnlyForDeploymentPostprocessing = 0;
			shellPath = /bin/sh;
			shellScript = "cd ${SRCROOT}\ncd ChangeIconsDemo\npython3 SVConfigurationChange.py -c Production\n\n";
		};
/* End PBXShellScriptBuildPhase section */

/* Begin PBXSourcesBuildPhase section */
		30BD6171221503CB004DB3FA /* Sources */ = {
			isa = PBXSourcesBuildPhase;
			buildActionMask = 2147483647;
			files = (
				30BD617B221503CB004DB3FA /* ViewController.swift in Sources */,
				30BD6179221503CB004DB3FA /* AppDelegate.swift in Sources */,
			);
			runOnlyForDeploymentPostprocessing = 0;
		};
		30BD6185221503CD004DB3FA /* Sources */ = {
			isa = PBXSourcesBuildPhase;
			buildActionMask = 2147483647;
			files = (
				30BD618E221503CD004DB3FA /* ChangeIconsDemoTests.swift in Sources */,
			);
			runOnlyForDeploymentPostprocessing = 0;
		};
		30BD6190221503CD004DB3FA /* Sources */ = {
			isa = PBXSourcesBuildPhase;
			buildActionMask = 2147483647;
			files = (
				30BD6199221503CD004DB3FA /* ChangeIconsDemoUITests.swift in Sources */,
			);
			runOnlyForDeploymentPostprocessing = 0;
		};
/* End PBXSourcesBuildPhase section */

/* Begin PBXTargetDependency section */
		30BD618B221503CD004DB3FA /* PBXTargetDependency */ = {
			isa = PBXTargetDependency;
			target = 30BD6174221503CB004DB3FA /* ChangeIconsDemo */;
			targetProxy = 30BD618A221503CD004DB3FA /* PBXContainerItemProxy */;
		};
		30BD6196221503CD004DB3FA /* PBXTargetDependency */ = {
			isa = PBXTargetDependency;
			target = 30BD6174221503CB004DB3FA /* ChangeIconsDemo */;
			targetProxy = 30BD6195221503CD004DB3FA /* PBXContainerItemProxy */;
		};
/* End PBXTargetDependency section */

/* Begin PBXVariantGroup section */
		30BD617C221503CB004DB3FA /* Main.storyboard */ = {
			isa = PBXVariantGroup;
			children = (
				30BD617D221503CB004DB3FA /* Base */,
			);
			name = Main.storyboard;
			sourceTree = "<group>";
		};
		30BD6181221503CD004DB3FA /* LaunchScreen.storyboard */ = {
			isa = PBXVariantGroup;
			children = (
				30BD6182221503CD004DB3FA /* Base */,
			);
			name = LaunchScreen.storyboard;
			sourceTree = "<group>";
		};
/* End PBXVariantGroup section */

/* Begin XCBuildConfiguration section */
		30BD619B221503CD004DB3FA /* Debug */ = {
			isa = XCBuildConfiguration;
			buildSettings = {
				ALWAYS_SEARCH_USER_PATHS = NO;
				CLANG_ANALYZER_NONNULL = YES;
				CLANG_ANALYZER_NUMBER_OBJECT_CONVERSION = YES_AGGRESSIVE;
				CLANG_CXX_LANGUAGE_STANDARD = "gnu++14";
				CLANG_CXX_LIBRARY = "libc++";
				CLANG_ENABLE_MODULES = YES;
				CLANG_ENABLE_OBJC_ARC = YES;
				CLANG_ENABLE_OBJC_WEAK = YES;
				CLANG_WARN_BLOCK_CAPTURE_AUTORELEASING = YES;
				CLANG_WARN_BOOL_CONVERSION = YES;
				CLANG_WARN_COMMA = YES;
				CLANG_WARN_CONSTANT_CONVERSION = YES;
				CLANG_WARN_DEPRECATED_OBJC_IMPLEMENTATIONS = YES;
				CLANG_WARN_DIRECT_OBJC_ISA_USAGE = YES_ERROR;
				CLANG_WARN_DOCUMENTATION_COMMENTS = YES;
				CLANG_WARN_EMPTY_BODY = YES;
				CLANG_WARN_ENUM_CONVERSION = YES;
				CLANG_WARN_INFINITE_RECURSION = YES;
				CLANG_WARN_INT_CONVERSION = YES;
				CLANG_WARN_NON_LITERAL_NULL_CONVERSION = YES;
				CLANG_WARN_OBJC_IMPLICIT_RETAIN_SELF = YES;
				CLANG_WARN_OBJC_LITERAL_CONVERSION = YES;
				CLANG_WARN_OBJC_ROOT_CLASS = YES_ERROR;
				CLANG_WARN_RANGE_LOOP_ANALYSIS = YES;
				CLANG_WARN_STRICT_PROTOTYPES = YES;
				CLANG_WARN_SUSPICIOUS_MOVE = YES;
				CLANG_WARN_UNGUARDED_AVAILABILITY = YES_AGGRESSIVE;
				CLANG_WARN_UNREACHABLE_CODE = YES;
				CLANG_WARN__DUPLICATE_METHOD_MATCH = YES;
				CODE_SIGN_IDENTITY = "iPhone Developer";
				COPY_PHASE_STRIP = NO;
				DEBUG_INFORMATION_FORMAT = dwarf;
				ENABLE_STRICT_OBJC_MSGSEND = YES;
				ENABLE_TESTABILITY = YES;
				GCC_C_LANGUAGE_STANDARD = gnu11;
				GCC_DYNAMIC_NO_PIC = NO;
				GCC_NO_COMMON_BLOCKS = YES;
				GCC_OPTIMIZATION_LEVEL = 0;
				GCC_PREPROCESSOR_DEFINITIONS = (
					"DEBUG=1",
					"$(inherited)",
				);
				GCC_WARN_64_TO_32_BIT_CONVERSION = YES;
				GCC_WARN_ABOUT_RETURN_TYPE = YES_ERROR;
				GCC_WARN_UNDECLARED_SELECTOR = YES;
				GCC_WARN_UNINITIALIZED_AUTOS = YES_AGGRESSIVE;
				GCC_WARN_UNUSED_FUNCTION = YES;
				GCC_WARN_UNUSED_VARIABLE = YES;
				IPHONEOS_DEPLOYMENT_TARGET = 12.1;
				MTL_ENABLE_DEBUG_INFO = INCLUDE_SOURCE;
				MTL_FAST_MATH = YES;
				ONLY_ACTIVE_ARCH = YES;
				SDKROOT = iphoneos;
				SWIFT_ACTIVE_COMPILATION_CONDITIONS = DEBUG;
				SWIFT_OPTIMIZATION_LEVEL = "-Onone";
			};
			name = Debug;
		};
		30BD619C221503CD004DB3FA /* Release */ = {
			isa = XCBuildConfiguration;
			buildSettings = {
				ALWAYS_SEARCH_USER_PATHS = NO;
				CLANG_ANALYZER_NONNULL = YES;
				CLANG_ANALYZER_NUMBER_OBJECT_CONVERSION = YES_AGGRESSIVE;
				CLANG_CXX_LANGUAGE_STANDARD = "gnu++14";
				CLANG_CXX_LIBRARY = "libc++";
				CLANG_ENABLE_MODULES = YES;
				CLANG_ENABLE_OBJC_ARC = YES;
				CLANG_ENABLE_OBJC_WEAK = YES;
				CLANG_WARN_BLOCK_CAPTURE_AUTORELEASING = YES;
				CLANG_WARN_BOOL_CONVERSION = YES;
				CLANG_WARN_COMMA = YES;
				CLANG_WARN_CONSTANT_CONVERSION = YES;
				CLANG_WARN_DEPRECATED_OBJC_IMPLEMENTATIONS = YES;
				CLANG_WARN_DIRECT_OBJC_ISA_USAGE = YES_ERROR;
				CLANG_WARN_DOCUMENTATION_COMMENTS = YES;
				CLANG_WARN_EMPTY_BODY = YES;
				CLANG_WARN_ENUM_CONVERSION = YES;
				CLANG_WARN_INFINITE_RECURSION = YES;
				CLANG_WARN_INT_CONVERSION = YES;
				CLANG_WARN_NON_LITERAL_NULL_CONVERSION = YES;
				CLANG_WARN_OBJC_IMPLICIT_RETAIN_SELF = YES;
				CLANG_WARN_OBJC_LITERAL_CONVERSION = YES;
				CLANG_WARN_OBJC_ROOT_CLASS = YES_ERROR;
				CLANG_WARN_RANGE_LOOP_ANALYSIS = YES;
				CLANG_WARN_STRICT_PROTOTYPES = YES;
				CLANG_WARN_SUSPICIOUS_MOVE = YES;
				CLANG_WARN_UNGUARDED_AVAILABILITY = YES_AGGRESSIVE;
				CLANG_WARN_UNREACHABLE_CODE = YES;
				CLANG_WARN__DUPLICATE_METHOD_MATCH = YES;
				CODE_SIGN_IDENTITY = "iPhone Developer";
				COPY_PHASE_STRIP = NO;
				DEBUG_INFORMATION_FORMAT = "dwarf-with-dsym";
				ENABLE_NS_ASSERTIONS = NO;
				ENABLE_STRICT_OBJC_MSGSEND = YES;
				GCC_C_LANGUAGE_STANDARD = gnu11;
				GCC_NO_COMMON_BLOCKS = YES;
				GCC_WARN_64_TO_32_BIT_CONVERSION = YES;
				GCC_WARN_ABOUT_RETURN_TYPE = YES_ERROR;
				GCC_WARN_UNDECLARED_SELECTOR = YES;
				GCC_WARN_UNINITIALIZED_AUTOS = YES_AGGRESSIVE;
				GCC_WARN_UNUSED_FUNCTION = YES;
				GCC_WARN_UNUSED_VARIABLE = YES;
				IPHONEOS_DEPLOYMENT_TARGET = 12.1;
				MTL_ENABLE_DEBUG_INFO = NO;
				MTL_FAST_MATH = YES;
				SDKROOT = iphoneos;
				SWIFT_COMPILATION_MODE = wholemodule;
				SWIFT_OPTIMIZATION_LEVEL = "-O";
				VALIDATE_PRODUCT = YES;
			};
			name = Release;
		};
		30BD619E221503CD004DB3FA /* Debug */ = {
			isa = XCBuildConfiguration;
			buildSettings = {
				ASSETCATALOG_COMPILER_APPICON_NAME = Appicon;
				CODE_SIGN_STYLE = Automatic;
				DEVELOPMENT_TEAM = WCW9GQA93Z;
				INFOPLIST_FILE = ChangeIconsDemo/Info.plist;
				LD_RUNPATH_SEARCH_PATHS = (
					"$(inherited)",
					"@executable_path/Frameworks",
				);
				PRODUCT_BUNDLE_IDENTIFIER = com.sven.ChangeIconsDemo;
				PRODUCT_NAME = "$(TARGET_NAME)";
				SWIFT_VERSION = 4.2;
				TARGETED_DEVICE_FAMILY = "1,2";
			};
			name = Debug;
		};
		30BD619F221503CD004DB3FA /* Release */ = {
			isa = XCBuildConfiguration;
			buildSettings = {
				ASSETCATALOG_COMPILER_APPICON_NAME = Appicon;
				CODE_SIGN_STYLE = Automatic;
				DEVELOPMENT_TEAM = WCW9GQA93Z;
				INFOPLIST_FILE = ChangeIconsDemo/Info.plist;
				LD_RUNPATH_SEARCH_PATHS = (
					"$(inherited)",
					"@executable_path/Frameworks",
				);
				PRODUCT_BUNDLE_IDENTIFIER = com.sven.ChangeIconsDemo;
				PRODUCT_NAME = "$(TARGET_NAME)";
				SWIFT_VERSION = 4.2;
				TARGETED_DEVICE_FAMILY = "1,2";
			};
			name = Release;
		};
		30BD61A1221503CD004DB3FA /* Debug */ = {
			isa = XCBuildConfiguration;
			buildSettings = {
				ALWAYS_EMBED_SWIFT_STANDARD_LIBRARIES = YES;
				BUNDLE_LOADER = "$(TEST_HOST)";
				CODE_SIGN_STYLE = Automatic;
				DEVELOPMENT_TEAM = WCW9GQA93Z;
				INFOPLIST_FILE = ChangeIconsDemoTests/Info.plist;
				LD_RUNPATH_SEARCH_PATHS = (
					"$(inherited)",
					"@executable_path/Frameworks",
					"@loader_path/Frameworks",
				);
				PRODUCT_BUNDLE_IDENTIFIER = com.sven.ChangeIconsDemoTests;
				PRODUCT_NAME = "$(TARGET_NAME)";
				SWIFT_VERSION = 4.2;
				TARGETED_DEVICE_FAMILY = "1,2";
				TEST_HOST = "$(BUILT_PRODUCTS_DIR)/ChangeIconsDemo.app/ChangeIconsDemo";
			};
			name = Debug;
		};
		30BD61A2221503CD004DB3FA /* Release */ = {
			isa = XCBuildConfiguration;
			buildSettings = {
				ALWAYS_EMBED_SWIFT_STANDARD_LIBRARIES = YES;
				BUNDLE_LOADER = "$(TEST_HOST)";
				CODE_SIGN_STYLE = Automatic;
				DEVELOPMENT_TEAM = WCW9GQA93Z;
				INFOPLIST_FILE = ChangeIconsDemoTests/Info.plist;
				LD_RUNPATH_SEARCH_PATHS = (
					"$(inherited)",
					"@executable_path/Frameworks",
					"@loader_path/Frameworks",
				);
				PRODUCT_BUNDLE_IDENTIFIER = com.sven.ChangeIconsDemoTests;
				PRODUCT_NAME = "$(TARGET_NAME)";
				SWIFT_VERSION = 4.2;
				TARGETED_DEVICE_FAMILY = "1,2";
				TEST_HOST = "$(BUILT_PRODUCTS_DIR)/ChangeIconsDemo.app/ChangeIconsDemo";
			};
			name = Release;
		};
		30BD61A4221503CD004DB3FA /* Debug */ = {
			isa = XCBuildConfiguration;
			buildSettings = {
				ALWAYS_EMBED_SWIFT_STANDARD_LIBRARIES = YES;
				CODE_SIGN_STYLE = Automatic;
				DEVELOPMENT_TEAM = WCW9GQA93Z;
				INFOPLIST_FILE = ChangeIconsDemoUITests/Info.plist;
				LD_RUNPATH_SEARCH_PATHS = (
					"$(inherited)",
					"@executable_path/Frameworks",
					"@loader_path/Frameworks",
				);
				PRODUCT_BUNDLE_IDENTIFIER = com.sven.ChangeIconsDemoUITests;
				PRODUCT_NAME = "$(TARGET_NAME)";
				SWIFT_VERSION = 4.2;
				TARGETED_DEVICE_FAMILY = "1,2";
				TEST_TARGET_NAME = ChangeIconsDemo;
			};
			name = Debug;
		};
		30BD61A5221503CD004DB3FA /* Release */ = {
			isa = XCBuildConfiguration;
			buildSettings = {
				ALWAYS_EMBED_SWIFT_STANDARD_LIBRARIES = YES;
				CODE_SIGN_STYLE = Automatic;
				DEVELOPMENT_TEAM = WCW9GQA93Z;
				INFOPLIST_FILE = ChangeIconsDemoUITests/Info.plist;
				LD_RUNPATH_SEARCH_PATHS = (
					"$(inherited)",
					"@executable_path/Frameworks",
					"@loader_path/Frameworks",
				);
				PRODUCT_BUNDLE_IDENTIFIER = com.sven.ChangeIconsDemoUITests;
				PRODUCT_NAME = "$(TARGET_NAME)";
				SWIFT_VERSION = 4.2;
				TARGETED_DEVICE_FAMILY = "1,2";
				TEST_TARGET_NAME = ChangeIconsDemo;
			};
			name = Release;
		};
		30BD61AA22151CAA004DB3FA /* Debug */ = {
			isa = XCBuildConfiguration;
			buildSettings = {
				CODE_SIGN_STYLE = Automatic;
				DEVELOPMENT_TEAM = WCW9GQA93Z;
				PRODUCT_NAME = "$(TARGET_NAME)";
			};
			name = Debug;
		};
		30BD61AB22151CAA004DB3FA /* Release */ = {
			isa = XCBuildConfiguration;
			buildSettings = {
				CODE_SIGN_STYLE = Automatic;
				DEVELOPMENT_TEAM = WCW9GQA93Z;
				PRODUCT_NAME = "$(TARGET_NAME)";
			};
			name = Release;
		};
		30BD61AF22151D0E004DB3FA /* Debug */ = {
			isa = XCBuildConfiguration;
			buildSettings = {
				CODE_SIGN_STYLE = Automatic;
				DEVELOPMENT_TEAM = WCW9GQA93Z;
				PRODUCT_NAME = "$(TARGET_NAME)";
			};
			name = Debug;
		};
		30BD61B022151D0E004DB3FA /* Release */ = {
			isa = XCBuildConfiguration;
			buildSettings = {
				CODE_SIGN_STYLE = Automatic;
				DEVELOPMENT_TEAM = WCW9GQA93Z;
				PRODUCT_NAME = "$(TARGET_NAME)";
			};
			name = Release;
		};
/* End XCBuildConfiguration section */

/* Begin XCConfigurationList section */
		30BD6170221503CB004DB3FA /* Build configuration list for PBXProject "ChangeIconsDemo" */ = {
			isa = XCConfigurationList;
			buildConfigurations = (
				30BD619B221503CD004DB3FA /* Debug */,
				30BD619C221503CD004DB3FA /* Release */,
			);
			defaultConfigurationIsVisible = 0;
			defaultConfigurationName = Release;
		};
		30BD619D221503CD004DB3FA /* Build configuration list for PBXNativeTarget "ChangeIconsDemo" */ = {
			isa = XCConfigurationList;
			buildConfigurations = (
				30BD619E221503CD004DB3FA /* Debug */,
				30BD619F221503CD004DB3FA /* Release */,
			);
			defaultConfigurationIsVisible = 0;
			defaultConfigurationName = Release;
		};
		30BD61A0221503CD004DB3FA /* Build configuration list for PBXNativeTarget "ChangeIconsDemoTests" */ = {
			isa = XCConfigurationList;
			buildConfigurations = (
				30BD61A1221503CD004DB3FA /* Debug */,
				30BD61A2221503CD004DB3FA /* Release */,
			);
			defaultConfigurationIsVisible = 0;
			defaultConfigurationName = Release;
		};
		30BD61A3221503CD004DB3FA /* Build configuration list for PBXNativeTarget "ChangeIconsDemoUITests" */ = {
			isa = XCConfigurationList;
			buildConfigurations = (
				30BD61A4221503CD004DB3FA /* Debug */,
				30BD61A5221503CD004DB3FA /* Release */,
			);
			defaultConfigurationIsVisible = 0;
			defaultConfigurationName = Release;
		};
		30BD61A922151CAA004DB3FA /* Build configuration list for PBXAggregateTarget "toDev" */ = {
			isa = XCConfigurationList;
			buildConfigurations = (
				30BD61AA22151CAA004DB3FA /* Debug */,
				30BD61AB22151CAA004DB3FA /* Release */,
			);
			defaultConfigurationIsVisible = 0;
			defaultConfigurationName = Release;
		};
		30BD61AE22151D0E004DB3FA /* Build configuration list for PBXAggregateTarget "toPro" */ = {
			isa = XCConfigurationList;
			buildConfigurations = (
				30BD61AF22151D0E004DB3FA /* Debug */,
				30BD61B022151D0E004DB3FA /* Release */,
			);
			defaultConfigurationIsVisible = 0;
			defaultConfigurationName = Release;
		};
/* End XCConfigurationList section */
	};
	rootObject = 30BD616D221503CB004DB3FA /* Project object */;
}
